// !$*UTF8*$!
{
	archiveVersion = 1;
	classes = {
	};
	objectVersion = 50;
	objects = {

/* Begin PBXBuildFile section */
		5D1B616825C9EC59000B7B04 /* AppDelegate.swift in Sources */ = {isa = PBXBuildFile; fileRef = 5D1B616725C9EC59000B7B04 /* AppDelegate.swift */; };
		5D1B616A25C9EC59000B7B04 /* SceneDelegate.swift in Sources */ = {isa = PBXBuildFile; fileRef = 5D1B616925C9EC59000B7B04 /* SceneDelegate.swift */; };
		5D1B616C25C9EC59000B7B04 /* ViewController.swift in Sources */ = {isa = PBXBuildFile; fileRef = 5D1B616B25C9EC59000B7B04 /* ViewController.swift */; };
		5D1B616F25C9EC59000B7B04 /* Main.storyboard in Resources */ = {isa = PBXBuildFile; fileRef = 5D1B616D25C9EC59000B7B04 /* Main.storyboard */; };
		5D1B617125C9EC5A000B7B04 /* Assets.xcassets in Resources */ = {isa = PBXBuildFile; fileRef = 5D1B617025C9EC5A000B7B04 /* Assets.xcassets */; };
		5D1B617425C9EC5A000B7B04 /* LaunchScreen.storyboard in Resources */ = {isa = PBXBuildFile; fileRef = 5D1B617225C9EC5A000B7B04 /* LaunchScreen.storyboard */; };
/* End PBXBuildFile section */

/* Begin PBXFileReference section */
		5D1B616425C9EC59000B7B04 /* UIAlertControllerProject.app */ = {isa = PBXFileReference; explicitFileType = wrapper.application; includeInIndex = 0; path = UIAlertControllerProject.app; sourceTree = BUILT_PRODUCTS_DIR; };
		5D1B616725C9EC59000B7B04 /* AppDelegate.swift */ = {isa = PBXFileReference; lastKnownFileType = sourcecode.swift; path = AppDelegate.swift; sourceTree = "<group>"; };
		5D1B616925C9EC59000B7B04 /* SceneDelegate.swift */ = {isa = PBXFileReference; lastKnownFileType = sourcecode.swift; path = SceneDelegate.swift; sourceTree = "<group>"; };
		5D1B616B25C9EC59000B7B04 /* ViewController.swift */ = {isa = PBXFileReference; lastKnownFileType = sourcecode.swift; path = ViewController.swift; sourceTree = "<group>"; };
		5D1B616E25C9EC59000B7B04 /* Base */ = {isa = PBXFileReference; lastKnownFileType = file.storyboard; name = Base; path = Base.lproj/Main.storyboard; sourceTree = "<group>"; };
		5D1B617025C9EC5A000B7B04 /* Assets.xcassets */ = {isa = PBXFileReference; lastKnownFileType = folder.assetcatalog; path = Assets.xcassets; sourceTree = "<group>"; };
		5D1B617325C9EC5A000B7B04 /* Base */ = {isa = PBXFileReference; lastKnownFileType = file.storyboard; name = Base; path = Base.lproj/LaunchScreen.storyboard; sourceTree = "<group>"; };
		5D1B617525C9EC5A000B7B04 /* Info.plist */ = {isa = PBXFileReference; lastKnownFileType = text.plist.xml; path = Info.plist; sourceTree = "<group>"; };
/* End PBXFileReference section */

/* Begin PBXFrameworksBuildPhase section */
		5D1B616125C9EC59000B7B04 /* Frameworks */ = {
			isa = PBXFrameworksBuildPhase;
			buildActionMask = 2147483647;
			files = (
			);
			runOnlyForDeploymentPostprocessing = 0;
		};
/* End PBXFrameworksBuildPhase section */

/* Begin PBXGroup section */
		5D1B615B25C9EC59000B7B04 = {
			isa = PBXGroup;
			children = (
				5D1B616625C9EC59000B7B04 /* UIAlertControllerProject */,
				5D1B616525C9EC59000B7B04 /* Products */,
			);
			sourceTree = "<group>";
		};
		5D1B616525C9EC59000B7B04 /* Products */ = {
			isa = PBXGroup;
			children = (
				5D1B616425C9EC59000B7B04 /* UIAlertControllerProject.app */,
			);
			name = Products;
			sourceTree = "<group>";
		};
		5D1B616625C9EC59000B7B04 /* UIAlertControllerProject */ = {
			isa = PBXGroup;
			children = (
				5D1B616725C9EC59000B7B04 /* AppDelegate.swift */,
				5D1B616925C9EC59000B7B04 /* SceneDelegate.swift */,
				5D1B616B25C9EC59000B7B04 /* ViewController.swift */,
				5D1B616D25C9EC59000B7B04 /* Main.storyboard */,
				5D1B617025C9EC5A000B7B04 /* Assets.xcassets */,
				5D1B617225C9EC5A000B7B04 /* LaunchScreen.storyboard */,
				5D1B617525C9EC5A000B7B04 /* Info.plist */,
			);
			path = UIAlertControllerProject;
			sourceTree = "<group>";
		};
/* End PBXGroup section */

/* Begin PBXNativeTarget section */
		5D1B616325C9EC59000B7B04 /* UIAlertControllerProject */ = {
			isa = PBXNativeTarget;
			buildConfigurationList = 5D1B617825C9EC5A000B7B04 /* Build configuration list for PBXNativeTarget "UIAlertControllerProject" */;
			buildPhases = (
				5D1B616025C9EC59000B7B04 /* Sources */,
				5D1B616125C9EC59000B7B04 /* Frameworks */,
				5D1B616225C9EC59000B7B04 /* Resources */,
			);
			buildRules = (
			);
			dependencies = (
			);
			name = UIAlertControllerProject;
			productName = UIAlertControllerProject;
			productReference = 5D1B616425C9EC59000B7B04 /* UIAlertControllerProject.app */;
			productType = "com.apple.product-type.application";
		};
/* End PBXNativeTarget section */

/* Begin PBXProject section */
		5D1B615C25C9EC59000B7B04 /* Project object */ = {
			isa = PBXProject;
			attributes = {
				LastSwiftUpdateCheck = 1130;
				LastUpgradeCheck = 1130;
				ORGANIZATIONNAME = "Christopher P. Mammen";
				TargetAttributes = {
					5D1B616325C9EC59000B7B04 = {
						CreatedOnToolsVersion = 11.3.1;
					};
				};
			};
			buildConfigurationList = 5D1B615F25C9EC59000B7B04 /* Build configuration list for PBXProject "UIAlertControllerProject" */;
			compatibilityVersion = "Xcode 9.3";
			developmentRegion = en;
			hasScannedForEncodings = 0;
			knownRegions = (
				en,
				Base,
			);
			mainGroup = 5D1B615B25C9EC59000B7B04;
			productRefGroup = 5D1B616525C9EC59000B7B04 /* Products */;
			projectDirPath = "";
			projectRoot = "";
			targets = (
				5D1B616325C9EC59000B7B04 /* UIAlertControllerProject */,
			);
		};
/* End PBXProject section */

/* Begin PBXResourcesBuildPhase section */
		5D1B616225C9EC59000B7B04 /* Resources */ = {
			isa = PBXResourcesBuildPhase;
			buildActionMask = 2147483647;
			files = (
				5D1B617425C9EC5A000B7B04 /* LaunchScreen.storyboard in Resources */,
				5D1B617125C9EC5A000B7B04 /* Assets.xcassets in Resources */,
				5D1B616F25C9EC59000B7B04 /* Main.storyboard in Resources */,
			);
			runOnlyForDeploymentPostprocessing = 0;
		};
/* End PBXResourcesBuildPhase section */

/* Begin PBXSourcesBuildPhase section */
		5D1B616025C9EC59000B7B04 /* Sources */ = {
			isa = PBXSourcesBuildPhase;
			buildActionMask = 2147483647;
			files = (
				5D1B616C25C9EC59000B7B04 /* ViewController.swift in Sources */,
				5D1B616825C9EC59000B7B04 /* AppDelegate.swift in Sources */,
				5D1B616A25C9EC59000B7B04 /* SceneDelegate.swift in Sources */,
			);
			runOnlyForDeploymentPostprocessing = 0;
		};
/* End PBXSourcesBuildPhase section */

/* Begin PBXVariantGroup section */
		5D1B616D25C9EC59000B7B04 /* Main.storyboard */ = {
			isa = PBXVariantGroup;
			children = (
				5D1B616E25C9EC59000B7B04 /* Base */,
			);
			name = Main.storyboard;
			sourceTree = "<group>";
		};
		5D1B617225C9EC5A000B7B04 /* LaunchScreen.storyboard */ = {
			isa = PBXVariantGroup;
			children = (
				5D1B617325C9EC5A000B7B04 /* Base */,
			);
			name = LaunchScreen.storyboard;
			sourceTree = "<group>";
		};
/* End PBXVariantGroup section */

/* Begin XCBuildConfiguration section */
		5D1B617625C9EC5A000B7B04 /* Debug */ = {
			isa = XCBuildConfiguration;
			buildSettings = {
				ALWAYS_SEARCH_USER_PATHS = NO;
				CLANG_ANALYZER_NONNULL = YES;
				CLANG_ANALYZER_NUMBER_OBJECT_CONVERSION = YES_AGGRESSIVE;
				CLANG_CXX_LANGUAGE_STANDARD = "gnu++14";
				CLANG_CXX_LIBRARY = "libc++";
				CLANG_ENABLE_MODULES = YES;
				CLANG_ENABLE_OBJC_ARC = YES;
				CLANG_ENABLE_OBJC_WEAK = YES;
				CLANG_WARN_BLOCK_CAPTURE_AUTORELEASING = YES;
				CLANG_WARN_BOOL_CONVERSION = YES;
				CLANG_WARN_COMMA = YES;
				CLANG_WARN_CONSTANT_CONVERSION = YES;
				CLANG_WARN_DEPRECATED_OBJC_IMPLEMENTATIONS = YES;
				CLANG_WARN_DIRECT_OBJC_ISA_USAGE = YES_ERROR;
				CLANG_WARN_DOCUMENTATION_COMMENTS = YES;
				CLANG_WARN_EMPTY_BODY = YES;
				CLANG_WARN_ENUM_CONVERSION = YES;
				CLANG_WARN_INFINITE_RECURSION = YES;
				CLANG_WARN_INT_CONVERSION = YES;
				CLANG_WARN_NON_LITERAL_NULL_CONVERSION = YES;
				CLANG_WARN_OBJC_IMPLICIT_RETAIN_SELF = YES;
				CLANG_WARN_OBJC_LITERAL_CONVERSION = YES;
				CLANG_WARN_OBJC_ROOT_CLASS = YES_ERROR;
				CLANG_WARN_RANGE_LOOP_ANALYSIS = YES;
				CLANG_WARN_STRICT_PROTOTYPES = YES;
				CLANG_WARN_SUSPICIOUS_MOVE = YES;
				CLANG_WARN_UNGUARDED_AVAILABILITY = YES_AGGRESSIVE;
				CLANG_WARN_UNREACHABLE_CODE = YES;
				CLANG_WARN__DUPLICATE_METHOD_MATCH = YES;
				COPY_PHASE_STRIP = NO;
				DEBUG_INFORMATION_FORMAT = dwarf;
				ENABLE_STRICT_OBJC_MSGSEND = YES;
				ENABLE_TESTABILITY = YES;
				GCC_C_LANGUAGE_STANDARD = gnu11;
				GCC_DYNAMIC_NO_PIC = NO;
				GCC_NO_COMMON_BLOCKS = YES;
				GCC_OPTIMIZATION_LEVEL = 0;
				GCC_PREPROCESSOR_DEFINITIONS = (
					"DEBUG=1",
					"$(inherited)",
				);
				GCC_WARN_64_TO_32_BIT_CONVERSION = YES;
				GCC_WARN_ABOUT_RETURN_TYPE = YES_ERROR;
				GCC_WARN_UNDECLARED_SELECTOR = YES;
				GCC_WARN_UNINITIALIZED_AUTOS = YES_AGGRESSIVE;
				GCC_WARN_UNUSED_FUNCTION = YES;
				GCC_WARN_UNUSED_VARIABLE = YES;
				IPHONEOS_DEPLOYMENT_TARGET = 13.2;
				MTL_ENABLE_DEBUG_INFO = INCLUDE_SOURCE;
				MTL_FAST_MATH = YES;
				ONLY_ACTIVE_ARCH = YES;
				SDKROOT = iphoneos;
				SWIFT_ACTIVE_COMPILATION_CONDITIONS = DEBUG;
				SWIFT_OPTIMIZATION_LEVEL = "-Onone";
			};
			name = Debug;
		};
		5D1B617725C9EC5A000B7B04 /* Release */ = {
			isa = XCBuildConfiguration;
			buildSettings = {
				ALWAYS_SEARCH_USER_PATHS = NO;
				CLANG_ANALYZER_NONNULL = YES;
				CLANG_ANALYZER_NUMBER_OBJECT_CONVERSION = YES_AGGRESSIVE;
				CLANG_CXX_LANGUAGE_STANDARD = "gnu++14";
				CLANG_CXX_LIBRARY = "libc++";
				CLANG_ENABLE_MODULES = YES;
				CLANG_ENABLE_OBJC_ARC = YES;
				CLANG_ENABLE_OBJC_WEAK = YES;
				CLANG_WARN_BLOCK_CAPTURE_AUTORELEASING = YES;
				CLANG_WARN_BOOL_CONVERSION = YES;
				CLANG_WARN_COMMA = YES;
				CLANG_WARN_CONSTANT_CONVERSION = YES;
				CLANG_WARN_DEPRECATED_OBJC_IMPLEMENTATIONS = YES;
				CLANG_WARN_DIRECT_OBJC_ISA_USAGE = YES_ERROR;
				CLANG_WARN_DOCUMENTATION_COMMENTS = YES;
				CLANG_WARN_EMPTY_BODY = YES;
				CLANG_WARN_ENUM_CONVERSION = YES;
				CLANG_WARN_INFINITE_RECURSION = YES;
				CLANG_WARN_INT_CONVERSION = YES;
				CLANG_WARN_NON_LITERAL_NULL_CONVERSION = YES;
				CLANG_WARN_OBJC_IMPLICIT_RETAIN_SELF = YES;
				CLANG_WARN_OBJC_LITERAL_CONVERSION = YES;
				CLANG_WARN_OBJC_ROOT_CLASS = YES_ERROR;
				CLANG_WARN_RANGE_LOOP_ANALYSIS = YES;
				CLANG_WARN_STRICT_PROTOTYPES = YES;
				CLANG_WARN_SUSPICIOUS_MOVE = YES;
				CLANG_WARN_UNGUARDED_AVAILABILITY = YES_AGGRESSIVE;
				CLANG_WARN_UNREACHABLE_CODE = YES;
				CLANG_WARN__DUPLICATE_METHOD_MATCH = YES;
				COPY_PHASE_STRIP = NO;
				DEBUG_INFORMATION_FORMAT = "dwarf-with-dsym";
				ENABLE_NS_ASSERTIONS = NO;
				ENABLE_STRICT_OBJC_MSGSEND = YES;
				GCC_C_LANGUAGE_STANDARD = gnu11;
				GCC_NO_COMMON_BLOCKS = YES;
				GCC_WARN_64_TO_32_BIT_CONVERSION = YES;
				GCC_WARN_ABOUT_RETURN_TYPE = YES_ERROR;
				GCC_WARN_UNDECLARED_SELECTOR = YES;
				GCC_WARN_UNINITIALIZED_AUTOS = YES_AGGRESSIVE;
				GCC_WARN_UNUSED_FUNCTION = YES;
				GCC_WARN_UNUSED_VARIABLE = YES;
				IPHONEOS_DEPLOYMENT_TARGET = 13.2;
				MTL_ENABLE_DEBUG_INFO = NO;
				MTL_FAST_MATH = YES;
				SDKROOT = iphoneos;
				SWIFT_COMPILATION_MODE = wholemodule;
				SWIFT_OPTIMIZATION_LEVEL = "-O";
				VALIDATE_PRODUCT = YES;
			};
			name = Release;
		};
		5D1B617925C9EC5A000B7B04 /* Debug */ = {
			isa = XCBuildConfiguration;
			buildSettings = {
				ASSETCATALOG_COMPILER_APPICON_NAME = AppIcon;
				CODE_SIGN_STYLE = Automatic;
				INFOPLIST_FILE = UIAlertControllerProject/Info.plist;
				LD_RUNPATH_SEARCH_PATHS = (
					"$(inherited)",
					"@executable_path/Frameworks",
				);
				PRODUCT_BUNDLE_IDENTIFIER = orgd214.jhhs.UIAlertControllerProject;
				PRODUCT_NAME = "$(TARGET_NAME)";
				SWIFT_VERSION = 5.0;
				TARGETED_DEVICE_FAMILY = "1,2";
			};
			name = Debug;
		};
		5D1B617A25C9EC5A000B7B04 /* Release */ = {
			isa = XCBuildConfiguration;
			buildSettings = {
				ASSETCATALOG_COMPILER_APPICON_NAME = AppIcon;
				CODE_SIGN_STYLE = Automatic;
				INFOPLIST_FILE = UIAlertControllerProject/Info.plist;
				LD_RUNPATH_SEARCH_PATHS = (
					"$(inherited)",
					"@executable_path/Frameworks",
				);
				PRODUCT_BUNDLE_IDENTIFIER = orgd214.jhhs.UIAlertControllerProject;
				PRODUCT_NAME = "$(TARGET_NAME)";
				SWIFT_VERSION = 5.0;
				TARGETED_DEVICE_FAMILY = "1,2";
			};
			name = Release;
		};
/* End XCBuildConfiguration section */

/* Begin XCConfigurationList section */
		5D1B615F25C9EC59000B7B04 /* Build configuration list for PBXProject "UIAlertControllerProject" */ = {
			isa = XCConfigurationList;
			buildConfigurations = (
				5D1B617625C9EC5A000B7B04 /* Debug */,
				5D1B617725C9EC5A000B7B04 /* Release */,
			);
			defaultConfigurationIsVisible = 0;
			defaultConfigurationName = Release;
		};
		5D1B617825C9EC5A000B7B04 /* Build configuration list for PBXNativeTarget "UIAlertControllerProject" */ = {
			isa = XCConfigurationList;
			buildConfigurations = (
				5D1B617925C9EC5A000B7B04 /* Debug */,
				5D1B617A25C9EC5A000B7B04 /* Release */,
			);
			defaultConfigurationIsVisible = 0;
			defaultConfigurationName = Release;
		};
/* End XCConfigurationList section */
	};
	rootObject = 5D1B615C25C9EC59000B7B04 /* Project object */;
}
